
Microsoft Visual Studio Solution File, Format Version 12.00
# Visual Studio 2012
Project("{FAE04EC0-301F-11D3-BF4B-00C04F79EFBC}") = "QuickTestsFramework", "QuickTestsFramework\QuickTestsFramework.csproj", "{E3C4819D-89CC-4543-ADAA-C95C522FC22A}"
EndProject
Project("{FAE04EC0-301F-11D3-BF4B-00C04F79EFBC}") = "QuickTestsFramework.Tests", "Tests\QuickTestsFramework.Tests.csproj", "{9C804288-CE58-413F-9717-EB909F41704C}"
EndProject
Project("{FAE04EC0-301F-11D3-BF4B-00C04F79EFBC}") = "QuickTestsFramework.NUnit", "QuickTestsFramework.NUnit\QuickTestsFramework.NUnit.csproj", "{966DDBAF-78E8-4D91-B189-DF7D80C1EE42}"
EndProject
Project("{2150E333-8FDC-42A3-9474-1A3956D46DE8}") = ".nuget", ".nuget", "{2F96EA63-D469-4AF4-81A4-AAFF776D3FAB}"
	ProjectSection(SolutionItems) = preProject
		.nuget\packages.config = .nuget\packages.config
	EndProjectSection
EndProject
Project("{FAE04EC0-301F-11D3-BF4B-00C04F79EFBC}") = "QuickTestsFramework.MSTest.Tests", "QuickTestsFramework.MSTest.Tests\QuickTestsFramework.MSTest.Tests.csproj", "{D2D629DE-5B08-4BC8-BE9A-A6AAA254437D}"
EndProject
Project("{FAE04EC0-301F-11D3-BF4B-00C04F79EFBC}") = "QuickTestsFramework.MSTest", "QuickTestsFramework.MSTest\QuickTestsFramework.MSTest.csproj", "{0314F4E1-1F2D-4F7E-AEC3-F2141A840037}"
EndProject
Global
	GlobalSection(SolutionConfigurationPlatforms) = preSolution
		Debug|Any CPU = Debug|Any CPU
		Release|Any CPU = Release|Any CPU
	EndGlobalSection
	GlobalSection(ProjectConfigurationPlatforms) = postSolution
		{E3C4819D-89CC-4543-ADAA-C95C522FC22A}.Debug|Any CPU.ActiveCfg = Release|Any CPU
		{E3C4819D-89CC-4543-ADAA-C95C522FC22A}.Debug|Any CPU.Build.0 = Release|Any CPU
		{E3C4819D-89CC-4543-ADAA-C95C522FC22A}.Debug|Any CPU.Deploy.0 = Release|Any CPU
		{E3C4819D-89CC-4543-ADAA-C95C522FC22A}.Release|Any CPU.ActiveCfg = Release|Any CPU
		{E3C4819D-89CC-4543-ADAA-C95C522FC22A}.Release|Any CPU.Build.0 = Release|Any CPU
		{9C804288-CE58-413F-9717-EB909F41704C}.Debug|Any CPU.ActiveCfg = Debug|Any CPU
		{9C804288-CE58-413F-9717-EB909F41704C}.Debug|Any CPU.Build.0 = Debug|Any CPU
		{9C804288-CE58-413F-9717-EB909F41704C}.Release|Any CPU.ActiveCfg = Release|Any CPU
		{9C804288-CE58-413F-9717-EB909F41704C}.Release|Any CPU.Build.0 = Release|Any CPU
		{966DDBAF-78E8-4D91-B189-DF7D80C1EE42}.Debug|Any CPU.ActiveCfg = Release|Any CPU
		{966DDBAF-78E8-4D91-B189-DF7D80C1EE42}.Debug|Any CPU.Build.0 = Release|Any CPU
		{966DDBAF-78E8-4D91-B189-DF7D80C1EE42}.Release|Any CPU.ActiveCfg = Release|Any CPU
		{966DDBAF-78E8-4D91-B189-DF7D80C1EE42}.Release|Any CPU.Build.0 = Release|Any CPU
		{D2D629DE-5B08-4BC8-BE9A-A6AAA254437D}.Debug|Any CPU.ActiveCfg = Debug|Any CPU
		{D2D629DE-5B08-4BC8-BE9A-A6AAA254437D}.Debug|Any CPU.Build.0 = Debug|Any CPU
		{D2D629DE-5B08-4BC8-BE9A-A6AAA254437D}.Release|Any CPU.ActiveCfg = Release|Any CPU
		{D2D629DE-5B08-4BC8-BE9A-A6AAA254437D}.Release|Any CPU.Build.0 = Release|Any CPU
		{0314F4E1-1F2D-4F7E-AEC3-F2141A840037}.Debug|Any CPU.ActiveCfg = Release|Any CPU
		{0314F4E1-1F2D-4F7E-AEC3-F2141A840037}.Debug|Any CPU.Build.0 = Release|Any CPU
		{0314F4E1-1F2D-4F7E-AEC3-F2141A840037}.Release|Any CPU.ActiveCfg = Release|Any CPU
		{0314F4E1-1F2D-4F7E-AEC3-F2141A840037}.Release|Any CPU.Build.0 = Release|Any CPU
	EndGlobalSection
	GlobalSection(SolutionProperties) = preSolution
		HideSolutionNode = FALSE
	EndGlobalSection
EndGlobal
